
Microsoft Visual Studio Solution File, Format Version 12.00
# Visual Studio 15
VisualStudioVersion = 15.0.27130.2027
MinimumVisualStudioVersion = 10.0.40219.1
Project("{9A19103F-16F7-4668-BE54-9A1E7A4F7556}") = "GetAssemblyVersion", "GetAssemblyVersion\GetAssemblyVersion.csproj", "{031B56B8-263F-404C-98E6-809308BAC7FB}"
EndProject
Global
	GlobalSection(SolutionConfigurationPlatforms) = preSolution
		Debug|Any CPU = Debug|Any CPU
		Release|Any CPU = Release|Any CPU
	EndGlobalSection
	GlobalSection(ProjectConfigurationPlatforms) = postSolution
		{031B56B8-263F-404C-98E6-809308BAC7FB}.Debug|Any CPU.ActiveCfg = Debug|Any CPU
		{031B56B8-263F-404C-98E6-809308BAC7FB}.Debug|Any CPU.Build.0 = Debug|Any CPU
		{031B56B8-263F-404C-98E6-809308BAC7FB}.Release|Any CPU.ActiveCfg = Release|Any CPU
		{031B56B8-263F-404C-98E6-809308BAC7FB}.Release|Any CPU.Build.0 = Release|Any CPU
	EndGlobalSection
	GlobalSection(SolutionProperties) = preSolution
		HideSolutionNode = FALSE
	EndGlobalSection
	GlobalSection(ExtensibilityGlobals) = postSolution
		SolutionGuid = {90C09099-CA08-4BAA-A780-3F0EC66F089A}
	EndGlobalSection
EndGlobal
